<?xml version="1.0" encoding="utf-8"?>
<Project ToolsVersion="17.0" xmlns="http://schemas.microsoft.com/developer/msbuild/2003">
  <ItemGroup>
    <CustomBuild Include="C:\Users\X1_Carbon\Documents\vs\Game_SK\glfw_proj\CMakeFiles\07fdd3e087c9a3c20fca2e6a3383a470\generate.stamp.rule">
      <Filter>CMake Rules</Filter>
    </CustomBuild>
  </ItemGroup>
  <ItemGroup>
    <Filter Include="CMake Rules">
      <UniqueIdentifier>{4B150857-0FDC-3415-BE46-E45D2BFFF73C}</UniqueIdentifier>
    </Filter>
  </ItemGroup>
</Project>
